
Microsoft Visual Studio Solution File, Format Version 12.00
# Visual Studio Version 16
VisualStudioVersion = 16.0.31729.503
MinimumVisualStudioVersion = 10.0.40219.1
Project("{FAE04EC0-301F-11D3-BF4B-00C04F79EFBC}") = "music-player-csharp", "music-player-csharp\music-player-csharp.csproj", "{2B795CFB-482E-484F-9683-941A2E43B0DB}"
EndProject
Global
	GlobalSection(SolutionConfigurationPlatforms) = preSolution
		Debug|Any CPU = Debug|Any CPU
		Release|Any CPU = Release|Any CPU
	EndGlobalSection
	GlobalSection(ProjectConfigurationPlatforms) = postSolution
		{2B795CFB-482E-484F-9683-941A2E43B0DB}.Debug|Any CPU.ActiveCfg = Debug|Any CPU
		{2B795CFB-482E-484F-9683-941A2E43B0DB}.Debug|Any CPU.Build.0 = Debug|Any CPU
		{2B795CFB-482E-484F-9683-941A2E43B0DB}.Release|Any CPU.ActiveCfg = Release|Any CPU
		{2B795CFB-482E-484F-9683-941A2E43B0DB}.Release|Any CPU.Build.0 = Release|Any CPU
	EndGlobalSection
	GlobalSection(SolutionProperties) = preSolution
		HideSolutionNode = FALSE
	EndGlobalSection
	GlobalSection(ExtensibilityGlobals) = postSolution
		SolutionGuid = {79A17789-140D-45D9-BAA7-29B0BB0F36C9}
	EndGlobalSection
EndGlobal
